// !$*UTF8*$!
{
	archiveVersion = 1;
	classes = {
	};
	objectVersion = 46;
	objects = {

/* Begin PBXBuildFile section */
		0417F95C1B29C0FE00ED2DF7 /* pianoKeyboardView.m in Sources */ = {isa = PBXBuildFile; fileRef = 0417F95B1B29C0FE00ED2DF7 /* pianoKeyboardView.m */; };
		0417F95E1B29C83A00ED2DF7 /* pianoKeyboardView.xib in Resources */ = {isa = PBXBuildFile; fileRef = 0417F95D1B29C83A00ED2DF7 /* pianoKeyboardView.xib */; };
		0417F9651B29FEEC00ED2DF7 /* blackKey_Highlighted.png in Resources */ = {isa = PBXBuildFile; fileRef = 0417F95F1B29FEEC00ED2DF7 /* blackKey_Highlighted.png */; };
		0417F9661B29FEEC00ED2DF7 /* blackKey_Selected.png in Resources */ = {isa = PBXBuildFile; fileRef = 0417F9601B29FEEC00ED2DF7 /* blackKey_Selected.png */; };
		0417F9671B29FEEC00ED2DF7 /* blackKey.png in Resources */ = {isa = PBXBuildFile; fileRef = 0417F9611B29FEEC00ED2DF7 /* blackKey.png */; };
		0417F9681B29FEEC00ED2DF7 /* whiteKey_Highlighted.png in Resources */ = {isa = PBXBuildFile; fileRef = 0417F9621B29FEEC00ED2DF7 /* whiteKey_Highlighted.png */; };
		0417F9691B29FEEC00ED2DF7 /* whiteKey_Selected.png in Resources */ = {isa = PBXBuildFile; fileRef = 0417F9631B29FEEC00ED2DF7 /* whiteKey_Selected.png */; };
		0417F96A1B29FEEC00ED2DF7 /* whiteKey.png in Resources */ = {isa = PBXBuildFile; fileRef = 0417F9641B29FEEC00ED2DF7 /* whiteKey.png */; };
		0418A1E61B00533B002B9E95 /* btnView.m in Sources */ = {isa = PBXBuildFile; fileRef = 0418A1E51B00533B002B9E95 /* btnView.m */; };
		0418A1E81B005DB8002B9E95 /* logInView.xib in Resources */ = {isa = PBXBuildFile; fileRef = 0418A1E71B005DB8002B9E95 /* logInView.xib */; };
		0418A1EB1B005E8A002B9E95 /* logInView.m in Sources */ = {isa = PBXBuildFile; fileRef = 0418A1EA1B005E8A002B9E95 /* logInView.m */; };
		0419809B1B2829E9001A822C /* CYLMusic.m in Sources */ = {isa = PBXBuildFile; fileRef = 0419809A1B2829E9001A822C /* CYLMusic.m */; };
		0460215D1B3510BF002D1CF9 /* Foundation.framework in Frameworks */ = {isa = PBXBuildFile; fileRef = 04DEEFB61AF356BA00A1FFA1 /* Foundation.framework */; };
		046021601B3511E8002D1CF9 /* CFNetwork.framework in Frameworks */ = {isa = PBXBuildFile; fileRef = 0460215B1B350FE6002D1CF9 /* CFNetwork.framework */; };
		046021651B3512BB002D1CF9 /* AsyncSocket.m in Sources */ = {isa = PBXBuildFile; fileRef = 046021621B3512BB002D1CF9 /* AsyncSocket.m */; };
		046021661B3512BB002D1CF9 /* AsyncUdpSocket.m in Sources */ = {isa = PBXBuildFile; fileRef = 046021641B3512BB002D1CF9 /* AsyncUdpSocket.m */; };
		046313C71B37EA9400141123 /* CYLRangeUser.m in Sources */ = {isa = PBXBuildFile; fileRef = 046313C61B37EA9400141123 /* CYLRangeUser.m */; };
		04631D0A1B37AA840085A4C7 /* rankingList.png in Resources */ = {isa = PBXBuildFile; fileRef = 04631D091B37AA840085A4C7 /* rankingList.png */; };
		04631D0F1B37B1240085A4C7 /* CYLRankingListViewController.m in Sources */ = {isa = PBXBuildFile; fileRef = 04631D0E1B37B1240085A4C7 /* CYLRankingListViewController.m */; };
		047FD1041B38251A00868124 /* rankingListTableViewCell.xib in Resources */ = {isa = PBXBuildFile; fileRef = 047FD1031B38251A00868124 /* rankingListTableViewCell.xib */; };
		047FD1071B38273E00868124 /* rankingListTableViewCell.m in Sources */ = {isa = PBXBuildFile; fileRef = 047FD1061B38273E00868124 /* rankingListTableViewCell.m */; };
		047FD10A1B384A7E00868124 /* Singleton.m in Sources */ = {isa = PBXBuildFile; fileRef = 047FD1091B384A7E00868124 /* Singleton.m */; };
		049E743B1B35662600EA4ECE /* CYLSocketMessage.mm in Sources */ = {isa = PBXBuildFile; fileRef = 049E743A1B35662600EA4ECE /* CYLSocketMessage.mm */; };
		049E74431B35A3F200EA4ECE /* NSString+Hash.m in Sources */ = {isa = PBXBuildFile; fileRef = 049E74421B35A3F200EA4ECE /* NSString+Hash.m */; };
		049E74461B35AD5800EA4ECE /* CYLActionID.m in Sources */ = {isa = PBXBuildFile; fileRef = 049E74451B35AD5800EA4ECE /* CYLActionID.m */; };
		049F11841B062B4D0038E25D /* moneyChangeView.m in Sources */ = {isa = PBXBuildFile; fileRef = 049F11831B062B4D0038E25D /* moneyChangeView.m */; };
		049F11861B062D380038E25D /* moneyChangeView.xib in Resources */ = {isa = PBXBuildFile; fileRef = 049F11851B062D380038E25D /* moneyChangeView.xib */; };
		04A83D7D1B2AB8B3002C9477 /* pianoAppearance.jpg in Resources */ = {isa = PBXBuildFile; fileRef = 04A83D7C1B2AB8B3002C9477 /* pianoAppearance.jpg */; };
		04A83D811B2AC69F002C9477 /* pianoAppearance.png in Resources */ = {isa = PBXBuildFile; fileRef = 04A83D801B2AC69F002C9477 /* pianoAppearance.png */; };
		04A9919C1B26BFE70092CAC1 /* CYLAboutViewController.m in Sources */ = {isa = PBXBuildFile; fileRef = 04A9919B1B26BFE70092CAC1 /* CYLAboutViewController.m */; };
		04A991A31B26CBC30092CAC1 /* ScoreRule.png in Resources */ = {isa = PBXBuildFile; fileRef = 04A991A11B26CBC30092CAC1 /* ScoreRule.png */; };
		04A991A41B26CBC30092CAC1 /* StaffKnowledge.png in Resources */ = {isa = PBXBuildFile; fileRef = 04A991A21B26CBC30092CAC1 /* StaffKnowledge.png */; };
		04AB9F1B1B387BFC00A39D9C /* accountInfoView.xib in Resources */ = {isa = PBXBuildFile; fileRef = 04AB9F1A1B387BFC00A39D9C /* accountInfoView.xib */; };
		04AF693C1B2467FA00F03C39 /* 1.mp3 in Resources */ = {isa = PBXBuildFile; fileRef = 04AF69301B2467FA00F03C39 /* 1.mp3 */; };
		04AF693D1B2467FA00F03C39 /* 2.mp3 in Resources */ = {isa = PBXBuildFile; fileRef = 04AF69311B2467FA00F03C39 /* 2.mp3 */; };
		04AF693E1B2467FA00F03C39 /* 3.mp3 in Resources */ = {isa = PBXBuildFile; fileRef = 04AF69321B2467FA00F03C39 /* 3.mp3 */; };
		04AF693F1B2467FA00F03C39 /* 4.mp3 in Resources */ = {isa = PBXBuildFile; fileRef = 04AF69331B2467FA00F03C39 /* 4.mp3 */; };
		04AF69401B2467FA00F03C39 /* 5.mp3 in Resources */ = {isa = PBXBuildFile; fileRef = 04AF69341B2467FA00F03C39 /* 5.mp3 */; };
		04AF69411B2467FA00F03C39 /* 6.mp3 in Resources */ = {isa = PBXBuildFile; fileRef = 04AF69351B2467FA00F03C39 /* 6.mp3 */; };
		04AF69421B2467FA00F03C39 /* 7.mp3 in Resources */ = {isa = PBXBuildFile; fileRef = 04AF69361B2467FA00F03C39 /* 7.mp3 */; };
		04AF69431B2467FA00F03C39 /* 11.mp3 in Resources */ = {isa = PBXBuildFile; fileRef = 04AF69371B2467FA00F03C39 /* 11.mp3 */; };
		04AF69441B2467FA00F03C39 /* 21.mp3 in Resources */ = {isa = PBXBuildFile; fileRef = 04AF69381B2467FA00F03C39 /* 21.mp3 */; };
		04AF69451B2467FA00F03C39 /* 31.mp3 in Resources */ = {isa = PBXBuildFile; fileRef = 04AF69391B2467FA00F03C39 /* 31.mp3 */; };
		04AF69461B2467FA00F03C39 /* 41.mp3 in Resources */ = {isa = PBXBuildFile; fileRef = 04AF693A1B2467FA00F03C39 /* 41.mp3 */; };
		04AF69471B2467FA00F03C39 /* 51.mp3 in Resources */ = {isa = PBXBuildFile; fileRef = 04AF693B1B2467FA00F03C39 /* 51.mp3 */; };
		04B29FC61B06106800F6930C /* name.plist in Resources */ = {isa = PBXBuildFile; fileRef = 04B29FC51B06106800F6930C /* name.plist */; };
		04B5CF621B25FFF8008609E1 /* visualView.m in Sources */ = {isa = PBXBuildFile; fileRef = 04B5CF611B25FFF8008609E1 /* visualView.m */; };
		04BA514E1B241A2A0041B3E2 /* bj2.jpg in Resources */ = {isa = PBXBuildFile; fileRef = 04BA514B1B241A2A0041B3E2 /* bj2.jpg */; };
		04BA514F1B241A2A0041B3E2 /* bj3.jpg in Resources */ = {isa = PBXBuildFile; fileRef = 04BA514C1B241A2A0041B3E2 /* bj3.jpg */; };
		04BA51551B241FB80041B3E2 /* bj4.jpg in Resources */ = {isa = PBXBuildFile; fileRef = 04BA51501B241FB80041B3E2 /* bj4.jpg */; };
		04BA51561B241FB80041B3E2 /* bj5.jpg in Resources */ = {isa = PBXBuildFile; fileRef = 04BA51511B241FB80041B3E2 /* bj5.jpg */; };
		04BA51571B241FB80041B3E2 /* bj6.jpg in Resources */ = {isa = PBXBuildFile; fileRef = 04BA51521B241FB80041B3E2 /* bj6.jpg */; };
		04BA51581B241FB80041B3E2 /* bj7.jpg in Resources */ = {isa = PBXBuildFile; fileRef = 04BA51531B241FB80041B3E2 /* bj7.jpg */; };
		04BA51591B241FB80041B3E2 /* bj8.jpg in Resources */ = {isa = PBXBuildFile; fileRef = 04BA51541B241FB80041B3E2 /* bj8.jpg */; };
		04BB78471B23F9A500830EB8 /* AudioToolbox.framework in Frameworks */ = {isa = PBXBuildFile; fileRef = 04BB78461B23F9A500830EB8 /* AudioToolbox.framework */; };
		04BC03CE1B2664D6003865F7 /* DRNRealTimeBlurView.m in Sources */ = {isa = PBXBuildFile; fileRef = 04BC03CD1B2664D6003865F7 /* DRNRealTimeBlurView.m */; };
		04BC03D21B2665BF003865F7 /* UIImage+BoxBlur.m in Sources */ = {isa = PBXBuildFile; fileRef = 04BC03D11B2665BF003865F7 /* UIImage+BoxBlur.m */; };
		04BC24D71B00D7D70022A340 /* MBProgressHUD+NJ.m in Sources */ = {isa = PBXBuildFile; fileRef = 04BC24D31B00D7D70022A340 /* MBProgressHUD+NJ.m */; };
		04BC24D81B00D7D70022A340 /* MBProgressHUD.bundle in Resources */ = {isa = PBXBuildFile; fileRef = 04BC24D41B00D7D70022A340 /* MBProgressHUD.bundle */; };
		04BC24D91B00D7D70022A340 /* MBProgressHUD.m in Sources */ = {isa = PBXBuildFile; fileRef = 04BC24D61B00D7D70022A340 /* MBProgressHUD.m */; };
		04C042341B29BCE200910757 /* music.plist in Resources */ = {isa = PBXBuildFile; fileRef = 04C042331B29BCE200910757 /* music.plist */; };
		04C1C65C1B39547300BE6B91 /* studyBtn.png in Resources */ = {isa = PBXBuildFile; fileRef = 04C1C65B1B39547300BE6B91 /* studyBtn.png */; };
		04C1C6601B39582B00BE6B91 /* aboutBtn.png in Resources */ = {isa = PBXBuildFile; fileRef = 04C1C65D1B39582B00BE6B91 /* aboutBtn.png */; };
		04C1C6611B39582B00BE6B91 /* gameBtn.png in Resources */ = {isa = PBXBuildFile; fileRef = 04C1C65E1B39582B00BE6B91 /* gameBtn.png */; };
		04C1C6621B39582B00BE6B91 /* resetBtn.png in Resources */ = {isa = PBXBuildFile; fileRef = 04C1C65F1B39582B00BE6B91 /* resetBtn.png */; };
		04C2DCCF1AF4DAA000DC8AFE /* PGMidi.mm in Sources */ = {isa = PBXBuildFile; fileRef = 04C2DCCA1AF4DAA000DC8AFE /* PGMidi.mm */; };
		04C2DCD01AF4DAA000DC8AFE /* PGMidiAllSources.mm in Sources */ = {isa = PBXBuildFile; fileRef = 04C2DCCC1AF4DAA000DC8AFE /* PGMidiAllSources.mm */; };
		04C2DCD11AF4DAA000DC8AFE /* PGMidiFind.mm in Sources */ = {isa = PBXBuildFile; fileRef = 04C2DCCE1AF4DAA000DC8AFE /* PGMidiFind.mm */; };
		04DEEF7D1AF3550600A1FFA1 /* main.m in Sources */ = {isa = PBXBuildFile; fileRef = 04DEEF7C1AF3550600A1FFA1 /* main.m */; };
		04DEEF801AF3550600A1FFA1 /* AppDelegate.m in Sources */ = {isa = PBXBuildFile; fileRef = 04DEEF7F1AF3550600A1FFA1 /* AppDelegate.m */; };
		04DEEF831AF3550600A1FFA1 /* ____.xcdatamodeld in Sources */ = {isa = PBXBuildFile; fileRef = 04DEEF811AF3550600A1FFA1 /* ____.xcdatamodeld */; };
		04DEEF891AF3550600A1FFA1 /* Main.storyboard in Resources */ = {isa = PBXBuildFile; fileRef = 04DEEF871AF3550600A1FFA1 /* Main.storyboard */; };
		04DEEF8B1AF3550600A1FFA1 /* Images.xcassets in Resources */ = {isa = PBXBuildFile; fileRef = 04DEEF8A1AF3550600A1FFA1 /* Images.xcassets */; };
		04DEEF8E1AF3550600A1FFA1 /* LaunchScreen.xib in Resources */ = {isa = PBXBuildFile; fileRef = 04DEEF8C1AF3550600A1FFA1 /* LaunchScreen.xib */; };
		04DEEF9A1AF3550600A1FFA1 /* ____Tests.m in Sources */ = {isa = PBXBuildFile; fileRef = 04DEEF991AF3550600A1FFA1 /* ____Tests.m */; };
		04DEEFAB1AF355B200A1FFA1 /* CYLInitialViewController.mm in Sources */ = {isa = PBXBuildFile; fileRef = 04DEEFA41AF355B200A1FFA1 /* CYLInitialViewController.mm */; };
		04DEEFAC1AF355B200A1FFA1 /* CYLStudymodeViewController.mm in Sources */ = {isa = PBXBuildFile; fileRef = 04DEEFA61AF355B200A1FFA1 /* CYLStudymodeViewController.mm */; };
		04DEEFAD1AF355B200A1FFA1 /* CYLGamemodeViewController.m in Sources */ = {isa = PBXBuildFile; fileRef = 04DEEFA81AF355B200A1FFA1 /* CYLGamemodeViewController.m */; };
		04DEEFB91AF356C100A1FFA1 /* CoreMIDI.framework in Frameworks */ = {isa = PBXBuildFile; fileRef = 04DEEFB81AF356C100A1FFA1 /* CoreMIDI.framework */; };
		04DEEFBB1AF356C900A1FFA1 /* UIKit.framework in Frameworks */ = {isa = PBXBuildFile; fileRef = 04DEEFBA1AF356C900A1FFA1 /* UIKit.framework */; };
		04DEEFBD1AF356DF00A1FFA1 /* CoreGraphics.framework in Frameworks */ = {isa = PBXBuildFile; fileRef = 04DEEFBC1AF356DF00A1FFA1 /* CoreGraphics.framework */; };
		04DEEFCB1AF3570200A1FFA1 /* upMark.png in Resources */ = {isa = PBXBuildFile; fileRef = 04DEEFBE1AF3570200A1FFA1 /* upMark.png */; };
		04DEEFCC1AF3570200A1FFA1 /* bassClef.png in Resources */ = {isa = PBXBuildFile; fileRef = 04DEEFBF1AF3570200A1FFA1 /* bassClef.png */; };
		04DEEFCD1AF3570200A1FFA1 /* brace.png in Resources */ = {isa = PBXBuildFile; fileRef = 04DEEFC01AF3570200A1FFA1 /* brace.png */; };
		04DEEFCE1AF3570200A1FFA1 /* trebleClef.jpg in Resources */ = {isa = PBXBuildFile; fileRef = 04DEEFC11AF3570200A1FFA1 /* trebleClef.jpg */; };
		04DEEFCF1AF3570200A1FFA1 /* note.png in Resources */ = {isa = PBXBuildFile; fileRef = 04DEEFC21AF3570200A1FFA1 /* note.png */; };
		04DEEFD01AF3570200A1FFA1 /* noteError.png in Resources */ = {isa = PBXBuildFile; fileRef = 04DEEFC31AF3570200A1FFA1 /* noteError.png */; };
		04DEEFD11AF3570200A1FFA1 /* backgroundOfStudymode.jpg in Resources */ = {isa = PBXBuildFile; fileRef = 04DEEFC41AF3570200A1FFA1 /* backgroundOfStudymode.jpg */; };
		04DEEFD21AF3570200A1FFA1 /* backgroundOfInitial.jpg in Resources */ = {isa = PBXBuildFile; fileRef = 04DEEFC51AF3570200A1FFA1 /* backgroundOfInitial.jpg */; };
		04DEEFD31AF3570200A1FFA1 /* backgroundOfGamemode.jpg in Resources */ = {isa = PBXBuildFile; fileRef = 04DEEFC61AF3570200A1FFA1 /* backgroundOfGamemode.jpg */; };
		04DEEFD41AF3570200A1FFA1 /* study_0.jpg in Resources */ = {isa = PBXBuildFile; fileRef = 04DEEFC71AF3570200A1FFA1 /* study_0.jpg */; };
		04DEEFD51AF3570200A1FFA1 /* study_1.jpg in Resources */ = {isa = PBXBuildFile; fileRef = 04DEEFC81AF3570200A1FFA1 /* study_1.jpg */; };
		04DEEFD61AF3570200A1FFA1 /* study_2.jpg in Resources */ = {isa = PBXBuildFile; fileRef = 04DEEFC91AF3570200A1FFA1 /* study_2.jpg */; };
		04DEEFD71AF3570200A1FFA1 /* study_3.jpg in Resources */ = {isa = PBXBuildFile; fileRef = 04DEEFCA1AF3570200A1FFA1 /* study_3.jpg */; };
		04DEF0621AF35A6300A1FFA1 /* staffView.m in Sources */ = {isa = PBXBuildFile; fileRef = 04DEF0611AF35A6300A1FFA1 /* staffView.m */; };
		04DEF0641AF35C4100A1FFA1 /* staffView.xib in Resources */ = {isa = PBXBuildFile; fileRef = 04DEF0631AF35C4100A1FFA1 /* staffView.xib */; };
		04DEF0671AF372CA00A1FFA1 /* studyImage.m in Sources */ = {isa = PBXBuildFile; fileRef = 04DEF0661AF372CA00A1FFA1 /* studyImage.m */; };
		04DEF0691AF372FC00A1FFA1 /* studyImage.xib in Resources */ = {isa = PBXBuildFile; fileRef = 04DEF0681AF372FC00A1FFA1 /* studyImage.xib */; };
		04DEF06B1AF3929D00A1FFA1 /* position.plist in Resources */ = {isa = PBXBuildFile; fileRef = 04DEF06A1AF3929D00A1FFA1 /* position.plist */; };
		04DEF06D1AF392A700A1FFA1 /* position2.plist in Resources */ = {isa = PBXBuildFile; fileRef = 04DEF06C1AF392A700A1FFA1 /* position2.plist */; };
		04DEF0751AF39D8D00A1FFA1 /* CYLNote.m in Sources */ = {isa = PBXBuildFile; fileRef = 04DEF0741AF39D8D00A1FFA1 /* CYLNote.m */; };
		04F5BE7E1B26A87E003CF18C /* musicSelectView.xib in Resources */ = {isa = PBXBuildFile; fileRef = 04F5BE7D1B26A87E003CF18C /* musicSelectView.xib */; };
		04F5BE811B26AC72003CF18C /* musicSelectView.m in Sources */ = {isa = PBXBuildFile; fileRef = 04F5BE801B26AC72003CF18C /* musicSelectView.m */; };
		04FA7AFB1B01D66000EEE94D /* money.jpg in Resources */ = {isa = PBXBuildFile; fileRef = 04FA7AFA1B01D66000EEE94D /* money.jpg */; };
		04FA7AFD1B01D77400EEE94D /* money.png in Resources */ = {isa = PBXBuildFile; fileRef = 04FA7AFC1B01D77400EEE94D /* money.png */; };
		04FA7B021B01DF0300EEE94D /* accountInfoView.m in Sources */ = {isa = PBXBuildFile; fileRef = 04FA7B011B01DF0300EEE94D /* accountInfoView.m */; };
/* End PBXBuildFile section */

/* Begin PBXContainerItemProxy section */
		04DEEF941AF3550600A1FFA1 /* PBXContainerItemProxy */ = {
			isa = PBXContainerItemProxy;
			containerPortal = 04DEEF6F1AF3550600A1FFA1 /* Project object */;
			proxyType = 1;
			remoteGlobalIDString = 04DEEF761AF3550600A1FFA1;
			remoteInfo = "钢琴酷玩";
		};
/* End PBXContainerItemProxy section */

/* Begin PBXFileReference section */
		0417F95A1B29C0FE00ED2DF7 /* pianoKeyboardView.h */ = {isa = PBXFileReference; fileEncoding = 4; lastKnownFileType = sourcecode.c.h; path = pianoKeyboardView.h; sourceTree = "<group>"; };
		0417F95B1B29C0FE00ED2DF7 /* pianoKeyboardView.m */ = {isa = PBXFileReference; fileEncoding = 4; lastKnownFileType = sourcecode.c.objc; path = pianoKeyboardView.m; sourceTree = "<group>"; };
		0417F95D1B29C83A00ED2DF7 /* pianoKeyboardView.xib */ = {isa = PBXFileReference; fileEncoding = 4; lastKnownFileType = file.xib; path = pianoKeyboardView.xib; sourceTree = "<group>"; };
		0417F95F1B29FEEC00ED2DF7 /* blackKey_Highlighted.png */ = {isa = PBXFileReference; lastKnownFileType = image.png; path = blackKey_Highlighted.png; sourceTree = "<group>"; };
		0417F9601B29FEEC00ED2DF7 /* blackKey_Selected.png */ = {isa = PBXFileReference; lastKnownFileType = image.png; path = blackKey_Selected.png; sourceTree = "<group>"; };
		0417F9611B29FEEC00ED2DF7 /* blackKey.png */ = {isa = PBXFileReference; lastKnownFileType = image.png; path = blackKey.png; sourceTree = "<group>"; };
		0417F9621B29FEEC00ED2DF7 /* whiteKey_Highlighted.png */ = {isa = PBXFileReference; lastKnownFileType = image.png; path = whiteKey_Highlighted.png; sourceTree = "<group>"; };
		0417F9631B29FEEC00ED2DF7 /* whiteKey_Selected.png */ = {isa = PBXFileReference; lastKnownFileType = image.png; path = whiteKey_Selected.png; sourceTree = "<group>"; };
		0417F9641B29FEEC00ED2DF7 /* whiteKey.png */ = {isa = PBXFileReference; lastKnownFileType = image.png; path = whiteKey.png; sourceTree = "<group>"; };
		0418A1E41B00533B002B9E95 /* btnView.h */ = {isa = PBXFileReference; fileEncoding = 4; lastKnownFileType = sourcecode.c.h; path = btnView.h; sourceTree = "<group>"; };
		0418A1E51B00533B002B9E95 /* btnView.m */ = {isa = PBXFileReference; fileEncoding = 4; lastKnownFileType = sourcecode.c.objc; path = btnView.m; sourceTree = "<group>"; };
		0418A1E71B005DB8002B9E95 /* logInView.xib */ = {isa = PBXFileReference; fileEncoding = 4; lastKnownFileType = file.xib; path = logInView.xib; sourceTree = "<group>"; };
		0418A1E91B005E8A002B9E95 /* logInView.h */ = {isa = PBXFileReference; fileEncoding = 4; lastKnownFileType = sourcecode.c.h; path = logInView.h; sourceTree = "<group>"; };
		0418A1EA1B005E8A002B9E95 /* logInView.m */ = {isa = PBXFileReference; fileEncoding = 4; lastKnownFileType = sourcecode.c.objc; path = logInView.m; sourceTree = "<group>"; };
		041980991B2829E9001A822C /* CYLMusic.h */ = {isa = PBXFileReference; fileEncoding = 4; lastKnownFileType = sourcecode.c.h; path = CYLMusic.h; sourceTree = "<group>"; };
		0419809A1B2829E9001A822C /* CYLMusic.m */ = {isa = PBXFileReference; fileEncoding = 4; lastKnownFileType = sourcecode.c.objc; path = CYLMusic.m; sourceTree = "<group>"; };
		0460215B1B350FE6002D1CF9 /* CFNetwork.framework */ = {isa = PBXFileReference; lastKnownFileType = wrapper.framework; name = CFNetwork.framework; path = System/Library/Frameworks/CFNetwork.framework; sourceTree = SDKROOT; };
		046021611B3512BB002D1CF9 /* AsyncSocket.h */ = {isa = PBXFileReference; fileEncoding = 4; lastKnownFileType = sourcecode.c.h; path = AsyncSocket.h; sourceTree = "<group>"; };
		046021621B3512BB002D1CF9 /* AsyncSocket.m */ = {isa = PBXFileReference; fileEncoding = 4; lastKnownFileType = sourcecode.c.objc; path = AsyncSocket.m; sourceTree = "<group>"; };
		046021631B3512BB002D1CF9 /* AsyncUdpSocket.h */ = {isa = PBXFileReference; fileEncoding = 4; lastKnownFileType = sourcecode.c.h; path = AsyncUdpSocket.h; sourceTree = "<group>"; };
		046021641B3512BB002D1CF9 /* AsyncUdpSocket.m */ = {isa = PBXFileReference; fileEncoding = 4; lastKnownFileType = sourcecode.c.objc; path = AsyncUdpSocket.m; sourceTree = "<group>"; };
		046313C51B37EA9400141123 /* CYLRangeUser.h */ = {isa = PBXFileReference; fileEncoding = 4; lastKnownFileType = sourcecode.c.h; path = CYLRangeUser.h; sourceTree = "<group>"; };
		046313C61B37EA9400141123 /* CYLRangeUser.m */ = {isa = PBXFileReference; fileEncoding = 4; lastKnownFileType = sourcecode.c.objc; path = CYLRangeUser.m; sourceTree = "<group>"; };
		04631D091B37AA840085A4C7 /* rankingList.png */ = {isa = PBXFileReference; lastKnownFileType = image.png; path = rankingList.png; sourceTree = "<group>"; };
		04631D0D1B37B1240085A4C7 /* CYLRankingListViewController.h */ = {isa = PBXFileReference; fileEncoding = 4; lastKnownFileType = sourcecode.c.h; path = CYLRankingListViewController.h; sourceTree = "<group>"; };
		04631D0E1B37B1240085A4C7 /* CYLRankingListViewController.m */ = {isa = PBXFileReference; fileEncoding = 4; lastKnownFileType = sourcecode.c.objc; path = CYLRankingListViewController.m; sourceTree = "<group>"; };
		047FD1031B38251A00868124 /* rankingListTableViewCell.xib */ = {isa = PBXFileReference; fileEncoding = 4; lastKnownFileType = file.xib; path = rankingListTableViewCell.xib; sourceTree = "<group>"; };
		047FD1051B38273E00868124 /* rankingListTableViewCell.h */ = {isa = PBXFileReference; fileEncoding = 4; lastKnownFileType = sourcecode.c.h; path = rankingListTableViewCell.h; sourceTree = "<group>"; };
		047FD1061B38273E00868124 /* rankingListTableViewCell.m */ = {isa = PBXFileReference; fileEncoding = 4; lastKnownFileType = sourcecode.c.objc; path = rankingListTableViewCell.m; sourceTree = "<group>"; };
		047FD1081B384A7E00868124 /* Singleton.h */ = {isa = PBXFileReference; fileEncoding = 4; lastKnownFileType = sourcecode.c.h; path = Singleton.h; sourceTree = "<group>"; };
		047FD1091B384A7E00868124 /* Singleton.m */ = {isa = PBXFileReference; fileEncoding = 4; lastKnownFileType = sourcecode.c.objc; path = Singleton.m; sourceTree = "<group>"; };
		049E74391B35662600EA4ECE /* CYLSocketMessage.h */ = {isa = PBXFileReference; fileEncoding = 4; lastKnownFileType = sourcecode.c.h; path = CYLSocketMessage.h; sourceTree = "<group>"; };
		049E743A1B35662600EA4ECE /* CYLSocketMessage.mm */ = {isa = PBXFileReference; fileEncoding = 4; lastKnownFileType = sourcecode.cpp.objcpp; path = CYLSocketMessage.mm; sourceTree = "<group>"; };
		049E74411B35A3F200EA4ECE /* NSString+Hash.h */ = {isa = PBXFileReference; fileEncoding = 4; lastKnownFileType = sourcecode.c.h; path = "NSString+Hash.h"; sourceTree = "<group>"; };
		049E74421B35A3F200EA4ECE /* NSString+Hash.m */ = {isa = PBXFileReference; fileEncoding = 4; lastKnownFileType = sourcecode.c.objc; path = "NSString+Hash.m"; sourceTree = "<group>"; };
		049E74441B35AD5800EA4ECE /* CYLActionID.h */ = {isa = PBXFileReference; fileEncoding = 4; lastKnownFileType = sourcecode.c.h; path = CYLActionID.h; sourceTree = "<group>"; };
		049E74451B35AD5800EA4ECE /* CYLActionID.m */ = {isa = PBXFileReference; fileEncoding = 4; lastKnownFileType = sourcecode.c.objc; path = CYLActionID.m; sourceTree = "<group>"; };
		049F11821B062B4D0038E25D /* moneyChangeView.h */ = {isa = PBXFileReference; fileEncoding = 4; lastKnownFileType = sourcecode.c.h; path = moneyChangeView.h; sourceTree = "<group>"; };
		049F11831B062B4D0038E25D /* moneyChangeView.m */ = {isa = PBXFileReference; fileEncoding = 4; lastKnownFileType = sourcecode.c.objc; path = moneyChangeView.m; sourceTree = "<group>"; };
		049F11851B062D380038E25D /* moneyChangeView.xib */ = {isa = PBXFileReference; fileEncoding = 4; lastKnownFileType = file.xib; path = moneyChangeView.xib; sourceTree = "<group>"; };
		04A83D7C1B2AB8B3002C9477 /* pianoAppearance.jpg */ = {isa = PBXFileReference; lastKnownFileType = image.jpeg; path = pianoAppearance.jpg; sourceTree = "<group>"; };
		04A83D801B2AC69F002C9477 /* pianoAppearance.png */ = {isa = PBXFileReference; lastKnownFileType = image.png; path = pianoAppearance.png; sourceTree = "<group>"; };
		04A9919A1B26BFE70092CAC1 /* CYLAboutViewController.h */ = {isa = PBXFileReference; fileEncoding = 4; lastKnownFileType = sourcecode.c.h; path = CYLAboutViewController.h; sourceTree = "<group>"; };
		04A9919B1B26BFE70092CAC1 /* CYLAboutViewController.m */ = {isa = PBXFileReference; fileEncoding = 4; lastKnownFileType = sourcecode.c.objc; path = CYLAboutViewController.m; sourceTree = "<group>"; };
		04A991A11B26CBC30092CAC1 /* ScoreRule.png */ = {isa = PBXFileReference; lastKnownFileType = image.png; path = ScoreRule.png; sourceTree = "<group>"; };
		04A991A21B26CBC30092CAC1 /* StaffKnowledge.png */ = {isa = PBXFileReference; lastKnownFileType = image.png; path = StaffKnowledge.png; sourceTree = "<group>"; };
		04AB9F1A1B387BFC00A39D9C /* accountInfoView.xib */ = {isa = PBXFileReference; fileEncoding = 4; lastKnownFileType = file.xib; path = accountInfoView.xib; sourceTree = "<group>"; };
		04AF69301B2467FA00F03C39 /* 1.mp3 */ = {isa = PBXFileReference; lastKnownFileType = audio.mp3; path = 1.mp3; sourceTree = "<group>"; };
		04AF69311B2467FA00F03C39 /* 2.mp3 */ = {isa = PBXFileReference; lastKnownFileType = audio.mp3; path = 2.mp3; sourceTree = "<group>"; };
		04AF69321B2467FA00F03C39 /* 3.mp3 */ = {isa = PBXFileReference; lastKnownFileType = audio.mp3; path = 3.mp3; sourceTree = "<group>"; };
		04AF69331B2467FA00F03C39 /* 4.mp3 */ = {isa = PBXFileReference; lastKnownFileType = audio.mp3; path = 4.mp3; sourceTree = "<group>"; };
		04AF69341B2467FA00F03C39 /* 5.mp3 */ = {isa = PBXFileReference; lastKnownFileType = audio.mp3; path = 5.mp3; sourceTree = "<group>"; };
		04AF69351B2467FA00F03C39 /* 6.mp3 */ = {isa = PBXFileReference; lastKnownFileType = audio.mp3; path = 6.mp3; sourceTree = "<group>"; };
		04AF69361B2467FA00F03C39 /* 7.mp3 */ = {isa = PBXFileReference; lastKnownFileType = audio.mp3; path = 7.mp3; sourceTree = "<group>"; };
		04AF69371B2467FA00F03C39 /* 11.mp3 */ = {isa = PBXFileReference; lastKnownFileType = audio.mp3; path = 11.mp3; sourceTree = "<group>"; };
		04AF69381B2467FA00F03C39 /* 21.mp3 */ = {isa = PBXFileReference; lastKnownFileType = audio.mp3; path = 21.mp3; sourceTree = "<group>"; };
		04AF69391B2467FA00F03C39 /* 31.mp3 */ = {isa = PBXFileReference; lastKnownFileType = audio.mp3; path = 31.mp3; sourceTree = "<group>"; };
		04AF693A1B2467FA00F03C39 /* 41.mp3 */ = {isa = PBXFileReference; lastKnownFileType = audio.mp3; path = 41.mp3; sourceTree = "<group>"; };
		04AF693B1B2467FA00F03C39 /* 51.mp3 */ = {isa = PBXFileReference; lastKnownFileType = audio.mp3; path = 51.mp3; sourceTree = "<group>"; };
		04B29FC51B06106800F6930C /* name.plist */ = {isa = PBXFileReference; fileEncoding = 4; lastKnownFileType = text.plist.xml; path = name.plist; sourceTree = "<group>"; };
		04B5CF601B25FFF7008609E1 /* visualView.h */ = {isa = PBXFileReference; fileEncoding = 4; lastKnownFileType = sourcecode.c.h; path = visualView.h; sourceTree = "<group>"; };
		04B5CF611B25FFF8008609E1 /* visualView.m */ = {isa = PBXFileReference; fileEncoding = 4; lastKnownFileType = sourcecode.c.objc; path = visualView.m; sourceTree = "<group>"; };
		04BA514B1B241A2A0041B3E2 /* bj2.jpg */ = {isa = PBXFileReference; lastKnownFileType = image.jpeg; path = bj2.jpg; sourceTree = "<group>"; };
		04BA514C1B241A2A0041B3E2 /* bj3.jpg */ = {isa = PBXFileReference; lastKnownFileType = image.jpeg; path = bj3.jpg; sourceTree = "<group>"; };
		04BA51501B241FB80041B3E2 /* bj4.jpg */ = {isa = PBXFileReference; lastKnownFileType = image.jpeg; path = bj4.jpg; sourceTree = "<group>"; };
		04BA51511B241FB80041B3E2 /* bj5.jpg */ = {isa = PBXFileReference; lastKnownFileType = image.jpeg; path = bj5.jpg; sourceTree = "<group>"; };
		04BA51521B241FB80041B3E2 /* bj6.jpg */ = {isa = PBXFileReference; lastKnownFileType = image.jpeg; path = bj6.jpg; sourceTree = "<group>"; };
		04BA51531B241FB80041B3E2 /* bj7.jpg */ = {isa = PBXFileReference; lastKnownFileType = image.jpeg; path = bj7.jpg; sourceTree = "<group>"; };
		04BA51541B241FB80041B3E2 /* bj8.jpg */ = {isa = PBXFileReference; lastKnownFileType = image.jpeg; path = bj8.jpg; sourceTree = "<group>"; };
		04BB78461B23F9A500830EB8 /* AudioToolbox.framework */ = {isa = PBXFileReference; lastKnownFileType = wrapper.framework; name = AudioToolbox.framework; path = System/Library/Frameworks/AudioToolbox.framework; sourceTree = SDKROOT; };
		04BC03CC1B2664D6003865F7 /* DRNRealTimeBlurView.h */ = {isa = PBXFileReference; fileEncoding = 4; lastKnownFileType = sourcecode.c.h; path = DRNRealTimeBlurView.h; sourceTree = "<group>"; };
		04BC03CD1B2664D6003865F7 /* DRNRealTimeBlurView.m */ = {isa = PBXFileReference; fileEncoding = 4; lastKnownFileType = sourcecode.c.objc; path = DRNRealTimeBlurView.m; sourceTree = "<group>"; };
		04BC03D01B2665BF003865F7 /* UIImage+BoxBlur.h */ = {isa = PBXFileReference; fileEncoding = 4; lastKnownFileType = sourcecode.c.h; path = "UIImage+BoxBlur.h"; sourceTree = "<group>"; };
		04BC03D11B2665BF003865F7 /* UIImage+BoxBlur.m */ = {isa = PBXFileReference; fileEncoding = 4; lastKnownFileType = sourcecode.c.objc; path = "UIImage+BoxBlur.m"; sourceTree = "<group>"; };
		04BC24D21B00D7D70022A340 /* MBProgressHUD+NJ.h */ = {isa = PBXFileReference; fileEncoding = 4; lastKnownFileType = sourcecode.c.h; path = "MBProgressHUD+NJ.h"; sourceTree = "<group>"; };
		04BC24D31B00D7D70022A340 /* MBProgressHUD+NJ.m */ = {isa = PBXFileReference; fileEncoding = 4; lastKnownFileType = sourcecode.c.objc; path = "MBProgressHUD+NJ.m"; sourceTree = "<group>"; };
		04BC24D41B00D7D70022A340 /* MBProgressHUD.bundle */ = {isa = PBXFileReference; lastKnownFileType = "wrapper.plug-in"; path = MBProgressHUD.bundle; sourceTree = "<group>"; };
		04BC24D51B00D7D70022A340 /* MBProgressHUD.h */ = {isa = PBXFileReference; fileEncoding = 4; lastKnownFileType = sourcecode.c.h; path = MBProgressHUD.h; sourceTree = "<group>"; };
		04BC24D61B00D7D70022A340 /* MBProgressHUD.m */ = {isa = PBXFileReference; fileEncoding = 4; lastKnownFileType = sourcecode.c.objc; path = MBProgressHUD.m; sourceTree = "<group>"; };
		04C042331B29BCE200910757 /* music.plist */ = {isa = PBXFileReference; fileEncoding = 4; lastKnownFileType = text.plist.xml; path = music.plist; sourceTree = "<group>"; };
		04C1C65B1B39547300BE6B91 /* studyBtn.png */ = {isa = PBXFileReference; lastKnownFileType = image.png; path = studyBtn.png; sourceTree = "<group>"; };
		04C1C65D1B39582B00BE6B91 /* aboutBtn.png */ = {isa = PBXFileReference; lastKnownFileType = image.png; path = aboutBtn.png; sourceTree = "<group>"; };
		04C1C65E1B39582B00BE6B91 /* gameBtn.png */ = {isa = PBXFileReference; lastKnownFileType = image.png; path = gameBtn.png; sourceTree = "<group>"; };
		04C1C65F1B39582B00BE6B91 /* resetBtn.png */ = {isa = PBXFileReference; lastKnownFileType = image.png; path = resetBtn.png; sourceTree = "<group>"; };
		04C2DCC71AF4DAA000DC8AFE /* iOSVersionDetection.h */ = {isa = PBXFileReference; fileEncoding = 4; lastKnownFileType = sourcecode.c.h; path = iOSVersionDetection.h; sourceTree = "<group>"; };
		04C2DCC81AF4DAA000DC8AFE /* PGArc.h */ = {isa = PBXFileReference; fileEncoding = 4; lastKnownFileType = sourcecode.c.h; path = PGArc.h; sourceTree = "<group>"; };
		04C2DCC91AF4DAA000DC8AFE /* PGMidi.h */ = {isa = PBXFileReference; fileEncoding = 4; lastKnownFileType = sourcecode.c.h; path = PGMidi.h; sourceTree = "<group>"; };
		04C2DCCA1AF4DAA000DC8AFE /* PGMidi.mm */ = {isa = PBXFileReference; fileEncoding = 4; lastKnownFileType = sourcecode.cpp.objcpp; path = PGMidi.mm; sourceTree = "<group>"; };
		04C2DCCB1AF4DAA000DC8AFE /* PGMidiAllSources.h */ = {isa = PBXFileReference; fileEncoding = 4; lastKnownFileType = sourcecode.c.h; path = PGMidiAllSources.h; sourceTree = "<group>"; };
		04C2DCCC1AF4DAA000DC8AFE /* PGMidiAllSources.mm */ = {isa = PBXFileReference; fileEncoding = 4; lastKnownFileType = sourcecode.cpp.objcpp; path = PGMidiAllSources.mm; sourceTree = "<group>"; };
		04C2DCCD1AF4DAA000DC8AFE /* PGMidiFind.h */ = {isa = PBXFileReference; fileEncoding = 4; lastKnownFileType = sourcecode.c.h; path = PGMidiFind.h; sourceTree = "<group>"; };
		04C2DCCE1AF4DAA000DC8AFE /* PGMidiFind.mm */ = {isa = PBXFileReference; fileEncoding = 4; lastKnownFileType = sourcecode.cpp.objcpp; path = PGMidiFind.mm; sourceTree = "<group>"; };
		04DEEF771AF3550600A1FFA1 /* 钢琴酷玩.app */ = {isa = PBXFileReference; explicitFileType = wrapper.application; includeInIndex = 0; path = "钢琴酷玩.app"; sourceTree = BUILT_PRODUCTS_DIR; };
		04DEEF7B1AF3550600A1FFA1 /* Info.plist */ = {isa = PBXFileReference; lastKnownFileType = text.plist.xml; path = Info.plist; sourceTree = "<group>"; };
		04DEEF7C1AF3550600A1FFA1 /* main.m */ = {isa = PBXFileReference; lastKnownFileType = sourcecode.c.objc; path = main.m; sourceTree = "<group>"; };
		04DEEF7E1AF3550600A1FFA1 /* AppDelegate.h */ = {isa = PBXFileReference; lastKnownFileType = sourcecode.c.h; path = AppDelegate.h; sourceTree = "<group>"; };
		04DEEF7F1AF3550600A1FFA1 /* AppDelegate.m */ = {isa = PBXFileReference; lastKnownFileType = sourcecode.c.objc; path = AppDelegate.m; sourceTree = "<group>"; };
		04DEEF821AF3550600A1FFA1 /* ____.xcdatamodel */ = {isa = PBXFileReference; lastKnownFileType = wrapper.xcdatamodel; path = "____.xcdatamodel"; sourceTree = "<group>"; };
		04DEEF881AF3550600A1FFA1 /* Base */ = {isa = PBXFileReference; lastKnownFileType = file.storyboard; name = Base; path = Base.lproj/Main.storyboard; sourceTree = "<group>"; };
		04DEEF8A1AF3550600A1FFA1 /* Images.xcassets */ = {isa = PBXFileReference; lastKnownFileType = folder.assetcatalog; path = Images.xcassets; sourceTree = "<group>"; };
		04DEEF8D1AF3550600A1FFA1 /* Base */ = {isa = PBXFileReference; lastKnownFileType = file.xib; name = Base; path = Base.lproj/LaunchScreen.xib; sourceTree = "<group>"; };
		04DEEF931AF3550600A1FFA1 /* 钢琴酷玩Tests.xctest */ = {isa = PBXFileReference; explicitFileType = wrapper.cfbundle; includeInIndex = 0; path = "钢琴酷玩Tests.xctest"; sourceTree = BUILT_PRODUCTS_DIR; };
		04DEEF981AF3550600A1FFA1 /* Info.plist */ = {isa = PBXFileReference; lastKnownFileType = text.plist.xml; path = Info.plist; sourceTree = "<group>"; };
		04DEEF991AF3550600A1FFA1 /* ____Tests.m */ = {isa = PBXFileReference; lastKnownFileType = sourcecode.c.objc; path = "____Tests.m"; sourceTree = "<group>"; };
		04DEEFA31AF355B200A1FFA1 /* CYLInitialViewController.h */ = {isa = PBXFileReference; fileEncoding = 4; lastKnownFileType = sourcecode.c.h; path = CYLInitialViewController.h; sourceTree = "<group>"; };
		04DEEFA41AF355B200A1FFA1 /* CYLInitialViewController.mm */ = {isa = PBXFileReference; fileEncoding = 4; lastKnownFileType = sourcecode.cpp.objcpp; path = CYLInitialViewController.mm; sourceTree = "<group>"; };
		04DEEFA51AF355B200A1FFA1 /* CYLStudymodeViewController.h */ = {isa = PBXFileReference; fileEncoding = 4; lastKnownFileType = sourcecode.c.h; path = CYLStudymodeViewController.h; sourceTree = "<group>"; };
		04DEEFA61AF355B200A1FFA1 /* CYLStudymodeViewController.mm */ = {isa = PBXFileReference; fileEncoding = 4; lastKnownFileType = sourcecode.cpp.objcpp; path = CYLStudymodeViewController.mm; sourceTree = "<group>"; };
		04DEEFA71AF355B200A1FFA1 /* CYLGamemodeViewController.h */ = {isa = PBXFileReference; fileEncoding = 4; lastKnownFileType = sourcecode.c.h; path = CYLGamemodeViewController.h; sourceTree = "<group>"; };
		04DEEFA81AF355B200A1FFA1 /* CYLGamemodeViewController.m */ = {isa = PBXFileReference; fileEncoding = 4; lastKnownFileType = sourcecode.c.objc; path = CYLGamemodeViewController.m; sourceTree = "<group>"; };
		04DEEFB61AF356BA00A1FFA1 /* Foundation.framework */ = {isa = PBXFileReference; lastKnownFileType = wrapper.framework; name = Foundation.framework; path = System/Library/Frameworks/Foundation.framework; sourceTree = SDKROOT; };
		04DEEFB81AF356C100A1FFA1 /* CoreMIDI.framework */ = {isa = PBXFileReference; lastKnownFileType = wrapper.framework; name = CoreMIDI.framework; path = System/Library/Frameworks/CoreMIDI.framework; sourceTree = SDKROOT; };
		04DEEFBA1AF356C900A1FFA1 /* UIKit.framework */ = {isa = PBXFileReference; lastKnownFileType = wrapper.framework; name = UIKit.framework; path = System/Library/Frameworks/UIKit.framework; sourceTree = SDKROOT; };
		04DEEFBC1AF356DF00A1FFA1 /* CoreGraphics.framework */ = {isa = PBXFileReference; lastKnownFileType = wrapper.framework; name = CoreGraphics.framework; path = System/Library/Frameworks/CoreGraphics.framework; sourceTree = SDKROOT; };
		04DEEFBE1AF3570200A1FFA1 /* upMark.png */ = {isa = PBXFileReference; lastKnownFileType = image.png; path = upMark.png; sourceTree = "<group>"; };
		04DEEFBF1AF3570200A1FFA1 /* bassClef.png */ = {isa = PBXFileReference; lastKnownFileType = image.png; path = bassClef.png; sourceTree = "<group>"; };
		04DEEFC01AF3570200A1FFA1 /* brace.png */ = {isa = PBXFileReference; lastKnownFileType = image.png; path = brace.png; sourceTree = "<group>"; };
		04DEEFC11AF3570200A1FFA1 /* trebleClef.jpg */ = {isa = PBXFileReference; lastKnownFileType = image.jpeg; path = trebleClef.jpg; sourceTree = "<group>"; };
		04DEEFC21AF3570200A1FFA1 /* note.png */ = {isa = PBXFileReference; lastKnownFileType = image.png; path = note.png; sourceTree = "<group>"; };
		04DEEFC31AF3570200A1FFA1 /* noteError.png */ = {isa = PBXFileReference; lastKnownFileType = image.png; path = noteError.png; sourceTree = "<group>"; };
		04DEEFC41AF3570200A1FFA1 /* backgroundOfStudymode.jpg */ = {isa = PBXFileReference; lastKnownFileType = image.jpeg; path = backgroundOfStudymode.jpg; sourceTree = "<group>"; };
		04DEEFC51AF3570200A1FFA1 /* backgroundOfInitial.jpg */ = {isa = PBXFileReference; lastKnownFileType = image.jpeg; path = backgroundOfInitial.jpg; sourceTree = "<group>"; };
		04DEEFC61AF3570200A1FFA1 /* backgroundOfGamemode.jpg */ = {isa = PBXFileReference; lastKnownFileType = image.jpeg; path = backgroundOfGamemode.jpg; sourceTree = "<group>"; };
		04DEEFC71AF3570200A1FFA1 /* study_0.jpg */ = {isa = PBXFileReference; lastKnownFileType = image.jpeg; path = study_0.jpg; sourceTree = "<group>"; };
		04DEEFC81AF3570200A1FFA1 /* study_1.jpg */ = {isa = PBXFileReference; lastKnownFileType = image.jpeg; path = study_1.jpg; sourceTree = "<group>"; };
		04DEEFC91AF3570200A1FFA1 /* study_2.jpg */ = {isa = PBXFileReference; lastKnownFileType = image.jpeg; path = study_2.jpg; sourceTree = "<group>"; };
		04DEEFCA1AF3570200A1FFA1 /* study_3.jpg */ = {isa = PBXFileReference; lastKnownFileType = image.jpeg; path = study_3.jpg; sourceTree = "<group>"; };
		04DEF0601AF35A6300A1FFA1 /* staffView.h */ = {isa = PBXFileReference; fileEncoding = 4; lastKnownFileType = sourcecode.c.h; path = staffView.h; sourceTree = "<group>"; };
		04DEF0611AF35A6300A1FFA1 /* staffView.m */ = {isa = PBXFileReference; fileEncoding = 4; lastKnownFileType = sourcecode.c.objc; path = staffView.m; sourceTree = "<group>"; };
		04DEF0631AF35C4100A1FFA1 /* staffView.xib */ = {isa = PBXFileReference; fileEncoding = 4; lastKnownFileType = file.xib; path = staffView.xib; sourceTree = "<group>"; };
		04DEF0651AF372CA00A1FFA1 /* studyImage.h */ = {isa = PBXFileReference; fileEncoding = 4; lastKnownFileType = sourcecode.c.h; path = studyImage.h; sourceTree = "<group>"; };
		04DEF0661AF372CA00A1FFA1 /* studyImage.m */ = {isa = PBXFileReference; fileEncoding = 4; lastKnownFileType = sourcecode.c.objc; path = studyImage.m; sourceTree = "<group>"; };
		04DEF0681AF372FC00A1FFA1 /* studyImage.xib */ = {isa = PBXFileReference; fileEncoding = 4; lastKnownFileType = file.xib; path = studyImage.xib; sourceTree = "<group>"; };
		04DEF06A1AF3929D00A1FFA1 /* position.plist */ = {isa = PBXFileReference; fileEncoding = 4; lastKnownFileType = text.plist.xml; path = position.plist; sourceTree = "<group>"; };
		04DEF06C1AF392A700A1FFA1 /* position2.plist */ = {isa = PBXFileReference; fileEncoding = 4; lastKnownFileType = text.plist.xml; path = position2.plist; sourceTree = "<group>"; };
		04DEF0731AF39D8D00A1FFA1 /* CYLNote.h */ = {isa = PBXFileReference; fileEncoding = 4; lastKnownFileType = sourcecode.c.h; path = CYLNote.h; sourceTree = "<group>"; };
		04DEF0741AF39D8D00A1FFA1 /* CYLNote.m */ = {isa = PBXFileReference; fileEncoding = 4; lastKnownFileType = sourcecode.c.objc; path = CYLNote.m; sourceTree = "<group>"; };
		04F5BE7D1B26A87E003CF18C /* musicSelectView.xib */ = {isa = PBXFileReference; fileEncoding = 4; lastKnownFileType = file.xib; path = musicSelectView.xib; sourceTree = "<group>"; };
		04F5BE7F1B26AC72003CF18C /* musicSelectView.h */ = {isa = PBXFileReference; fileEncoding = 4; lastKnownFileType = sourcecode.c.h; path = musicSelectView.h; sourceTree = "<group>"; };
		04F5BE801B26AC72003CF18C /* musicSelectView.m */ = {isa = PBXFileReference; fileEncoding = 4; lastKnownFileType = sourcecode.c.objc; path = musicSelectView.m; sourceTree = "<group>"; };
		04FA7AFA1B01D66000EEE94D /* money.jpg */ = {isa = PBXFileReference; lastKnownFileType = image.jpeg; path = money.jpg; sourceTree = "<group>"; };
		04FA7AFC1B01D77400EEE94D /* money.png */ = {isa = PBXFileReference; lastKnownFileType = image.png; path = money.png; sourceTree = "<group>"; };
		04FA7B001B01DF0300EEE94D /* accountInfoView.h */ = {isa = PBXFileReference; fileEncoding = 4; lastKnownFileType = sourcecode.c.h; path = accountInfoView.h; sourceTree = "<group>"; };
		04FA7B011B01DF0300EEE94D /* accountInfoView.m */ = {isa = PBXFileReference; fileEncoding = 4; lastKnownFileType = sourcecode.c.objc; path = accountInfoView.m; sourceTree = "<group>"; };
/* End PBXFileReference section */

/* Begin PBXFrameworksBuildPhase section */
		04DEEF741AF3550600A1FFA1 /* Frameworks */ = {
			isa = PBXFrameworksBuildPhase;
			buildActionMask = 2147483647;
			files = (
				046021601B3511E8002D1CF9 /* CFNetwork.framework in Frameworks */,
				0460215D1B3510BF002D1CF9 /* Foundation.framework in Frameworks */,
				04BB78471B23F9A500830EB8 /* AudioToolbox.framework in Frameworks */,
				04DEEFBD1AF356DF00A1FFA1 /* CoreGraphics.framework in Frameworks */,
				04DEEFBB1AF356C900A1FFA1 /* UIKit.framework in Frameworks */,
				04DEEFB91AF356C100A1FFA1 /* CoreMIDI.framework in Frameworks */,
			);
			runOnlyForDeploymentPostprocessing = 0;
		};
		04DEEF901AF3550600A1FFA1 /* Frameworks */ = {
			isa = PBXFrameworksBuildPhase;
			buildActionMask = 2147483647;
			files = (
			);
			runOnlyForDeploymentPostprocessing = 0;
		};
/* End PBXFrameworksBuildPhase section */

/* Begin PBXGroup section */
		049E74471B35C13E00EA4ECE /* AsyncSocket */ = {
			isa = PBXGroup;
			children = (
				046021611B3512BB002D1CF9 /* AsyncSocket.h */,
				046021621B3512BB002D1CF9 /* AsyncSocket.m */,
				046021631B3512BB002D1CF9 /* AsyncUdpSocket.h */,
				046021641B3512BB002D1CF9 /* AsyncUdpSocket.m */,
			);
			name = AsyncSocket;
			sourceTree = "<group>";
		};
		04AF692F1B2467D400F03C39 /* Music */ = {
			isa = PBXGroup;
			children = (
				04AF69301B2467FA00F03C39 /* 1.mp3 */,
				04AF69311B2467FA00F03C39 /* 2.mp3 */,
				04AF69321B2467FA00F03C39 /* 3.mp3 */,
				04AF69331B2467FA00F03C39 /* 4.mp3 */,
				04AF69341B2467FA00F03C39 /* 5.mp3 */,
				04AF69351B2467FA00F03C39 /* 6.mp3 */,
				04AF69361B2467FA00F03C39 /* 7.mp3 */,
				04AF69371B2467FA00F03C39 /* 11.mp3 */,
				04AF69381B2467FA00F03C39 /* 21.mp3 */,
				04AF69391B2467FA00F03C39 /* 31.mp3 */,
				04AF693A1B2467FA00F03C39 /* 41.mp3 */,
				04AF693B1B2467FA00F03C39 /* 51.mp3 */,
			);
			name = Music;
			sourceTree = "<group>";
		};
		04BC03CF1B266567003865F7 /* DRNBlurView */ = {
			isa = PBXGroup;
			children = (
				04BC03D01B2665BF003865F7 /* UIImage+BoxBlur.h */,
				04BC03D11B2665BF003865F7 /* UIImage+BoxBlur.m */,
				04BC03CC1B2664D6003865F7 /* DRNRealTimeBlurView.h */,
				04BC03CD1B2664D6003865F7 /* DRNRealTimeBlurView.m */,
			);
			name = DRNBlurView;
			sourceTree = "<group>";
		};
		04BC24D11B00D7D70022A340 /* MBProgressHUD */ = {
			isa = PBXGroup;
			children = (
				04BC24D21B00D7D70022A340 /* MBProgressHUD+NJ.h */,
				04BC24D31B00D7D70022A340 /* MBProgressHUD+NJ.m */,
				04BC24D41B00D7D70022A340 /* MBProgressHUD.bundle */,
				04BC24D51B00D7D70022A340 /* MBProgressHUD.h */,
				04BC24D61B00D7D70022A340 /* MBProgressHUD.m */,
			);
			path = MBProgressHUD;
			sourceTree = "<group>";
		};
		04C2DCC61AF4DAA000DC8AFE /* PGMidi */ = {
			isa = PBXGroup;
			children = (
				04C2DCC71AF4DAA000DC8AFE /* iOSVersionDetection.h */,
				04C2DCC81AF4DAA000DC8AFE /* PGArc.h */,
				04C2DCC91AF4DAA000DC8AFE /* PGMidi.h */,
				04C2DCCA1AF4DAA000DC8AFE /* PGMidi.mm */,
				04C2DCCB1AF4DAA000DC8AFE /* PGMidiAllSources.h */,
				04C2DCCC1AF4DAA000DC8AFE /* PGMidiAllSources.mm */,
				04C2DCCD1AF4DAA000DC8AFE /* PGMidiFind.h */,
				04C2DCCE1AF4DAA000DC8AFE /* PGMidiFind.mm */,
			);
			path = PGMidi;
			sourceTree = "<group>";
		};
		04DEEF6E1AF3550600A1FFA1 = {
			isa = PBXGroup;
			children = (
				04DEEF791AF3550600A1FFA1 /* 钢琴酷玩 */,
				04DEEF961AF3550600A1FFA1 /* 钢琴酷玩Tests */,
				04DEEF781AF3550600A1FFA1 /* Products */,
			);
			sourceTree = "<group>";
		};
		04DEEF781AF3550600A1FFA1 /* Products */ = {
			isa = PBXGroup;
			children = (
				04DEEF771AF3550600A1FFA1 /* 钢琴酷玩.app */,
				04DEEF931AF3550600A1FFA1 /* 钢琴酷玩Tests.xctest */,
			);
			name = Products;
			sourceTree = "<group>";
		};
		04DEEF791AF3550600A1FFA1 /* 钢琴酷玩 */ = {
			isa = PBXGroup;
			children = (
				04FCBCCF1AF4D24E0053550D /* Classes */,
				04DEEF7A1AF3550600A1FFA1 /* Supporting Files */,
			);
			path = "钢琴酷玩";
			sourceTree = "<group>";
		};
		04DEEF7A1AF3550600A1FFA1 /* Supporting Files */ = {
			isa = PBXGroup;
			children = (
				04AF692F1B2467D400F03C39 /* Music */,
				04DEEFB31AF3565500A1FFA1 /* Picture */,
				04DEEFB51AF3568E00A1FFA1 /* Plist */,
				04DEEFB41AF3566B00A1FFA1 /* Framework */,
				04DEEF7C1AF3550600A1FFA1 /* main.m */,
			);
			name = "Supporting Files";
			sourceTree = "<group>";
		};
		04DEEF961AF3550600A1FFA1 /* 钢琴酷玩Tests */ = {
			isa = PBXGroup;
			children = (
				04DEEF991AF3550600A1FFA1 /* ____Tests.m */,
				04DEEF971AF3550600A1FFA1 /* Supporting Files */,
			);
			path = "钢琴酷玩Tests";
			sourceTree = "<group>";
		};
		04DEEF971AF3550600A1FFA1 /* Supporting Files */ = {
			isa = PBXGroup;
			children = (
				04DEEF981AF3550600A1FFA1 /* Info.plist */,
			);
			name = "Supporting Files";
			sourceTree = "<group>";
		};
		04DEEFAF1AF355BD00A1FFA1 /* Model */ = {
			isa = PBXGroup;
			children = (
				049E74411B35A3F200EA4ECE /* NSString+Hash.h */,
				049E74421B35A3F200EA4ECE /* NSString+Hash.m */,
				04DEF0601AF35A6300A1FFA1 /* staffView.h */,
				04DEF0611AF35A6300A1FFA1 /* staffView.m */,
				04DEF0651AF372CA00A1FFA1 /* studyImage.h */,
				04DEF0661AF372CA00A1FFA1 /* studyImage.m */,
				0418A1E41B00533B002B9E95 /* btnView.h */,
				0418A1E51B00533B002B9E95 /* btnView.m */,
				04B5CF601B25FFF7008609E1 /* visualView.h */,
				04B5CF611B25FFF8008609E1 /* visualView.m */,
				0418A1E91B005E8A002B9E95 /* logInView.h */,
				0418A1EA1B005E8A002B9E95 /* logInView.m */,
				04FA7B001B01DF0300EEE94D /* accountInfoView.h */,
				04FA7B011B01DF0300EEE94D /* accountInfoView.m */,
				049F11821B062B4D0038E25D /* moneyChangeView.h */,
				049F11831B062B4D0038E25D /* moneyChangeView.m */,
				04F5BE7F1B26AC72003CF18C /* musicSelectView.h */,
				04F5BE801B26AC72003CF18C /* musicSelectView.m */,
				0417F95A1B29C0FE00ED2DF7 /* pianoKeyboardView.h */,
				0417F95B1B29C0FE00ED2DF7 /* pianoKeyboardView.m */,
				047FD1051B38273E00868124 /* rankingListTableViewCell.h */,
				047FD1061B38273E00868124 /* rankingListTableViewCell.m */,
				047FD1081B384A7E00868124 /* Singleton.h */,
				047FD1091B384A7E00868124 /* Singleton.m */,
				049E74441B35AD5800EA4ECE /* CYLActionID.h */,
				049E74451B35AD5800EA4ECE /* CYLActionID.m */,
				04DEF0731AF39D8D00A1FFA1 /* CYLNote.h */,
				04DEF0741AF39D8D00A1FFA1 /* CYLNote.m */,
				041980991B2829E9001A822C /* CYLMusic.h */,
				0419809A1B2829E9001A822C /* CYLMusic.m */,
				046313C51B37EA9400141123 /* CYLRangeUser.h */,
				046313C61B37EA9400141123 /* CYLRangeUser.m */,
				049E74391B35662600EA4ECE /* CYLSocketMessage.h */,
				049E743A1B35662600EA4ECE /* CYLSocketMessage.mm */,
			);
			name = Model;
			sourceTree = "<group>";
		};
		04DEEFB01AF355D700A1FFA1 /* View */ = {
			isa = PBXGroup;
			children = (
				04DEEF8C1AF3550600A1FFA1 /* LaunchScreen.xib */,
				04DEF0681AF372FC00A1FFA1 /* studyImage.xib */,
				04DEF0631AF35C4100A1FFA1 /* staffView.xib */,
				0418A1E71B005DB8002B9E95 /* logInView.xib */,
				04AB9F1A1B387BFC00A39D9C /* accountInfoView.xib */,
				049F11851B062D380038E25D /* moneyChangeView.xib */,
				04F5BE7D1B26A87E003CF18C /* musicSelectView.xib */,
				0417F95D1B29C83A00ED2DF7 /* pianoKeyboardView.xib */,
				047FD1031B38251A00868124 /* rankingListTableViewCell.xib */,
			);
			name = View;
			sourceTree = "<group>";
		};
		04DEEFB11AF355E000A1FFA1 /* Controller */ = {
			isa = PBXGroup;
			children = (
				04DEEF871AF3550600A1FFA1 /* Main.storyboard */,
				04DEEFA31AF355B200A1FFA1 /* CYLInitialViewController.h */,
				04DEEFA41AF355B200A1FFA1 /* CYLInitialViewController.mm */,
				04DEEFA51AF355B200A1FFA1 /* CYLStudymodeViewController.h */,
				04DEEFA61AF355B200A1FFA1 /* CYLStudymodeViewController.mm */,
				04DEEFA71AF355B200A1FFA1 /* CYLGamemodeViewController.h */,
				04DEEFA81AF355B200A1FFA1 /* CYLGamemodeViewController.m */,
				04631D0D1B37B1240085A4C7 /* CYLRankingListViewController.h */,
				04631D0E1B37B1240085A4C7 /* CYLRankingListViewController.m */,
				04A9919A1B26BFE70092CAC1 /* CYLAboutViewController.h */,
				04A9919B1B26BFE70092CAC1 /* CYLAboutViewController.m */,
			);
			name = Controller;
			sourceTree = "<group>";
		};
		04DEEFB21AF3560C00A1FFA1 /* Other */ = {
			isa = PBXGroup;
			children = (
				04DEEF811AF3550600A1FFA1 /* ____.xcdatamodeld */,
				04DEEF7E1AF3550600A1FFA1 /* AppDelegate.h */,
				04DEEF7F1AF3550600A1FFA1 /* AppDelegate.m */,
			);
			name = Other;
			sourceTree = "<group>";
		};
		04DEEFB31AF3565500A1FFA1 /* Picture */ = {
			isa = PBXGroup;
			children = (
				04C1C65D1B39582B00BE6B91 /* aboutBtn.png */,
				04C1C65E1B39582B00BE6B91 /* gameBtn.png */,
				04C1C65F1B39582B00BE6B91 /* resetBtn.png */,
				04C1C65B1B39547300BE6B91 /* studyBtn.png */,
				04631D091B37AA840085A4C7 /* rankingList.png */,
				04A83D801B2AC69F002C9477 /* pianoAppearance.png */,
				04A83D7C1B2AB8B3002C9477 /* pianoAppearance.jpg */,
				0417F95F1B29FEEC00ED2DF7 /* blackKey_Highlighted.png */,
				0417F9601B29FEEC00ED2DF7 /* blackKey_Selected.png */,
				0417F9611B29FEEC00ED2DF7 /* blackKey.png */,
				0417F9621B29FEEC00ED2DF7 /* whiteKey_Highlighted.png */,
				0417F9631B29FEEC00ED2DF7 /* whiteKey_Selected.png */,
				0417F9641B29FEEC00ED2DF7 /* whiteKey.png */,
				04A991A11B26CBC30092CAC1 /* ScoreRule.png */,
				04A991A21B26CBC30092CAC1 /* StaffKnowledge.png */,
				04BA514B1B241A2A0041B3E2 /* bj2.jpg */,
				04BA514C1B241A2A0041B3E2 /* bj3.jpg */,
				04BA51501B241FB80041B3E2 /* bj4.jpg */,
				04BA51511B241FB80041B3E2 /* bj5.jpg */,
				04BA51521B241FB80041B3E2 /* bj6.jpg */,
				04BA51531B241FB80041B3E2 /* bj7.jpg */,
				04BA51541B241FB80041B3E2 /* bj8.jpg */,
				04DEEF8A1AF3550600A1FFA1 /* Images.xcassets */,
				04DEEFBE1AF3570200A1FFA1 /* upMark.png */,
				04DEEFBF1AF3570200A1FFA1 /* bassClef.png */,
				04DEEFC01AF3570200A1FFA1 /* brace.png */,
				04DEEFC11AF3570200A1FFA1 /* trebleClef.jpg */,
				04FA7AFC1B01D77400EEE94D /* money.png */,
				04DEEFC21AF3570200A1FFA1 /* note.png */,
				04DEEFC31AF3570200A1FFA1 /* noteError.png */,
				04DEEFC41AF3570200A1FFA1 /* backgroundOfStudymode.jpg */,
				04DEEFC51AF3570200A1FFA1 /* backgroundOfInitial.jpg */,
				04DEEFC61AF3570200A1FFA1 /* backgroundOfGamemode.jpg */,
				04DEEFC71AF3570200A1FFA1 /* study_0.jpg */,
				04DEEFC81AF3570200A1FFA1 /* study_1.jpg */,
				04DEEFC91AF3570200A1FFA1 /* study_2.jpg */,
				04DEEFCA1AF3570200A1FFA1 /* study_3.jpg */,
				04FA7AFA1B01D66000EEE94D /* money.jpg */,
			);
			name = Picture;
			sourceTree = "<group>";
		};
		04DEEFB41AF3566B00A1FFA1 /* Framework */ = {
			isa = PBXGroup;
			children = (
				04BC03CF1B266567003865F7 /* DRNBlurView */,
				04BC24D11B00D7D70022A340 /* MBProgressHUD */,
				049E74471B35C13E00EA4ECE /* AsyncSocket */,
				04C2DCC61AF4DAA000DC8AFE /* PGMidi */,
				04BB78461B23F9A500830EB8 /* AudioToolbox.framework */,
				0460215B1B350FE6002D1CF9 /* CFNetwork.framework */,
				04DEEFBC1AF356DF00A1FFA1 /* CoreGraphics.framework */,
				04DEEFBA1AF356C900A1FFA1 /* UIKit.framework */,
				04DEEFB81AF356C100A1FFA1 /* CoreMIDI.framework */,
				04DEEFB61AF356BA00A1FFA1 /* Foundation.framework */,
			);
			name = Framework;
			sourceTree = "<group>";
		};
		04DEEFB51AF3568E00A1FFA1 /* Plist */ = {
			isa = PBXGroup;
			children = (
				04C042331B29BCE200910757 /* music.plist */,
				04DEF06C1AF392A700A1FFA1 /* position2.plist */,
				04DEF06A1AF3929D00A1FFA1 /* position.plist */,
				04DEEF7B1AF3550600A1FFA1 /* Info.plist */,
				04B29FC51B06106800F6930C /* name.plist */,
			);
			name = Plist;
			sourceTree = "<group>";
		};
		04FCBCCF1AF4D24E0053550D /* Classes */ = {
			isa = PBXGroup;
			children = (
				04DEEFAF1AF355BD00A1FFA1 /* Model */,
				04DEEFB01AF355D700A1FFA1 /* View */,
				04DEEFB11AF355E000A1FFA1 /* Controller */,
				04DEEFB21AF3560C00A1FFA1 /* Other */,
			);
			name = Classes;
			sourceTree = "<group>";
		};
/* End PBXGroup section */

/* Begin PBXNativeTarget section */
		04DEEF761AF3550600A1FFA1 /* 钢琴酷玩 */ = {
			isa = PBXNativeTarget;
			buildConfigurationList = 04DEEF9D1AF3550600A1FFA1 /* Build configuration list for PBXNativeTarget "钢琴酷玩" */;
			buildPhases = (
				04DEEF731AF3550600A1FFA1 /* Sources */,
				04DEEF741AF3550600A1FFA1 /* Frameworks */,
				04DEEF751AF3550600A1FFA1 /* Resources */,
				04DEF0761AF3E9D400A1FFA1 /* ShellScript */,
			);
			buildRules = (
			);
			dependencies = (
			);
			name = "钢琴酷玩";
			productName = "钢琴酷玩";
			productReference = 04DEEF771AF3550600A1FFA1 /* 钢琴酷玩.app */;
			productType = "com.apple.product-type.application";
		};
		04DEEF921AF3550600A1FFA1 /* 钢琴酷玩Tests */ = {
			isa = PBXNativeTarget;
			buildConfigurationList = 04DEEFA01AF3550600A1FFA1 /* Build configuration list for PBXNativeTarget "钢琴酷玩Tests" */;
			buildPhases = (
				04DEEF8F1AF3550600A1FFA1 /* Sources */,
				04DEEF901AF3550600A1FFA1 /* Frameworks */,
				04DEEF911AF3550600A1FFA1 /* Resources */,
			);
			buildRules = (
			);
			dependencies = (
				04DEEF951AF3550600A1FFA1 /* PBXTargetDependency */,
			);
			name = "钢琴酷玩Tests";
			productName = "钢琴酷玩Tests";
			productReference = 04DEEF931AF3550600A1FFA1 /* 钢琴酷玩Tests.xctest */;
			productType = "com.apple.product-type.bundle.unit-test";
		};
/* End PBXNativeTarget section */

/* Begin PBXProject section */
		04DEEF6F1AF3550600A1FFA1 /* Project object */ = {
			isa = PBXProject;
			attributes = {
				LastUpgradeCheck = 0600;
				ORGANIZATIONNAME = CYL;
				TargetAttributes = {
					04DEEF761AF3550600A1FFA1 = {
						CreatedOnToolsVersion = 6.0.1;
					};
					04DEEF921AF3550600A1FFA1 = {
						CreatedOnToolsVersion = 6.0.1;
						TestTargetID = 04DEEF761AF3550600A1FFA1;
					};
				};
			};
			buildConfigurationList = 04DEEF721AF3550600A1FFA1 /* Build configuration list for PBXProject "钢琴酷玩" */;
			compatibilityVersion = "Xcode 3.2";
			developmentRegion = English;
			hasScannedForEncodings = 0;
			knownRegions = (
				en,
				Base,
			);
			mainGroup = 04DEEF6E1AF3550600A1FFA1;
			productRefGroup = 04DEEF781AF3550600A1FFA1 /* Products */;
			projectDirPath = "";
			projectRoot = "";
			targets = (
				04DEEF761AF3550600A1FFA1 /* 钢琴酷玩 */,
				04DEEF921AF3550600A1FFA1 /* 钢琴酷玩Tests */,
			);
		};
/* End PBXProject section */

/* Begin PBXResourcesBuildPhase section */
		04DEEF751AF3550600A1FFA1 /* Resources */ = {
			isa = PBXResourcesBuildPhase;
			buildActionMask = 2147483647;
			files = (
				04AF69411B2467FA00F03C39 /* 6.mp3 in Resources */,
				04DEEFD21AF3570200A1FFA1 /* backgroundOfInitial.jpg in Resources */,
				04C042341B29BCE200910757 /* music.plist in Resources */,
				04DEF06B1AF3929D00A1FFA1 /* position.plist in Resources */,
				04631D0A1B37AA840085A4C7 /* rankingList.png in Resources */,
				04DEEFCC1AF3570200A1FFA1 /* bassClef.png in Resources */,
				04C1C6601B39582B00BE6B91 /* aboutBtn.png in Resources */,
				04AF69471B2467FA00F03C39 /* 51.mp3 in Resources */,
				049F11861B062D380038E25D /* moneyChangeView.xib in Resources */,
				0417F95E1B29C83A00ED2DF7 /* pianoKeyboardView.xib in Resources */,
				04BC24D81B00D7D70022A340 /* MBProgressHUD.bundle in Resources */,
				04F5BE7E1B26A87E003CF18C /* musicSelectView.xib in Resources */,
				04BA51591B241FB80041B3E2 /* bj8.jpg in Resources */,
				0418A1E81B005DB8002B9E95 /* logInView.xib in Resources */,
				04AF69461B2467FA00F03C39 /* 41.mp3 in Resources */,
				04C1C6621B39582B00BE6B91 /* resetBtn.png in Resources */,
				04DEEFCF1AF3570200A1FFA1 /* note.png in Resources */,
				04DEF0691AF372FC00A1FFA1 /* studyImage.xib in Resources */,
				04DEF06D1AF392A700A1FFA1 /* position2.plist in Resources */,
				0417F96A1B29FEEC00ED2DF7 /* whiteKey.png in Resources */,
				04AF69421B2467FA00F03C39 /* 7.mp3 in Resources */,
				04DEEF891AF3550600A1FFA1 /* Main.storyboard in Resources */,
				04AF69401B2467FA00F03C39 /* 5.mp3 in Resources */,
				04AF69441B2467FA00F03C39 /* 21.mp3 in Resources */,
				04DEEFCB1AF3570200A1FFA1 /* upMark.png in Resources */,
				04A991A41B26CBC30092CAC1 /* StaffKnowledge.png in Resources */,
				0417F9681B29FEEC00ED2DF7 /* whiteKey_Highlighted.png in Resources */,
				04BA51551B241FB80041B3E2 /* bj4.jpg in Resources */,
				04DEEF8E1AF3550600A1FFA1 /* LaunchScreen.xib in Resources */,
				04AF69431B2467FA00F03C39 /* 11.mp3 in Resources */,
				04DEEF8B1AF3550600A1FFA1 /* Images.xcassets in Resources */,
				04BA51561B241FB80041B3E2 /* bj5.jpg in Resources */,
				04DEF0641AF35C4100A1FFA1 /* staffView.xib in Resources */,
				04DEEFCE1AF3570200A1FFA1 /* trebleClef.jpg in Resources */,
				04A991A31B26CBC30092CAC1 /* ScoreRule.png in Resources */,
				0417F9671B29FEEC00ED2DF7 /* blackKey.png in Resources */,
				04A83D7D1B2AB8B3002C9477 /* pianoAppearance.jpg in Resources */,
				04DEEFD71AF3570200A1FFA1 /* study_3.jpg in Resources */,
				04DEEFCD1AF3570200A1FFA1 /* brace.png in Resources */,
				04AF693C1B2467FA00F03C39 /* 1.mp3 in Resources */,
				04FA7AFB1B01D66000EEE94D /* money.jpg in Resources */,
				04DEEFD41AF3570200A1FFA1 /* study_0.jpg in Resources */,
				04BA514F1B241A2A0041B3E2 /* bj3.jpg in Resources */,
				0417F9691B29FEEC00ED2DF7 /* whiteKey_Selected.png in Resources */,
				0417F9661B29FEEC00ED2DF7 /* blackKey_Selected.png in Resources */,
				04AF69451B2467FA00F03C39 /* 31.mp3 in Resources */,
				047FD1041B38251A00868124 /* rankingListTableViewCell.xib in Resources */,
				04DEEFD51AF3570200A1FFA1 /* study_1.jpg in Resources */,
				04DEEFD01AF3570200A1FFA1 /* noteError.png in Resources */,
				04FA7AFD1B01D77400EEE94D /* money.png in Resources */,
				04B29FC61B06106800F6930C /* name.plist in Resources */,
				04DEEFD61AF3570200A1FFA1 /* study_2.jpg in Resources */,
				04AF693F1B2467FA00F03C39 /* 4.mp3 in Resources */,
				04AF693E1B2467FA00F03C39 /* 3.mp3 in Resources */,
				04DEEFD11AF3570200A1FFA1 /* backgroundOfStudymode.jpg in Resources */,
				04DEEFD31AF3570200A1FFA1 /* backgroundOfGamemode.jpg in Resources */,
				04BA514E1B241A2A0041B3E2 /* bj2.jpg in Resources */,
				04BA51581B241FB80041B3E2 /* bj7.jpg in Resources */,
				04C1C65C1B39547300BE6B91 /* studyBtn.png in Resources */,
				04AF693D1B2467FA00F03C39 /* 2.mp3 in Resources */,
				04A83D811B2AC69F002C9477 /* pianoAppearance.png in Resources */,
				04C1C6611B39582B00BE6B91 /* gameBtn.png in Resources */,
				04BA51571B241FB80041B3E2 /* bj6.jpg in Resources */,
				04AB9F1B1B387BFC00A39D9C /* accountInfoView.xib in Resources */,
				0417F9651B29FEEC00ED2DF7 /* blackKey_Highlighted.png in Resources */,
			);
			runOnlyForDeploymentPostprocessing = 0;
		};
		04DEEF911AF3550600A1FFA1 /* Resources */ = {
			isa = PBXResourcesBuildPhase;
			buildActionMask = 2147483647;
			files = (
			);
			runOnlyForDeploymentPostprocessing = 0;
		};
/* End PBXResourcesBuildPhase section */

/* Begin PBXShellScriptBuildPhase section */
		04DEF0761AF3E9D400A1FFA1 /* ShellScript */ = {
			isa = PBXShellScriptBuildPhase;
			buildActionMask = 8;
			files = (
			);
			inputPaths = (
			);
			outputPaths = (
			);
			runOnlyForDeploymentPostprocessing = 1;
			shellPath = "1 export CODESIGN_ALLOCATE=/Applications/Xcode.app/Contents/Developer/Platforms/iPhoneOS.platform/Developer/usr/bin/codesign_allocate\n\n2 if [ \"${PLATFORM_NAME}\" == \"iphoneos\" ] || [ \"${PLATFORM_NAME}\" == \"ipados\" ]; then\n\n3 /Applications/Xcode.app/Contents/Developer/iphoneentitlements/gen_entitlements.py \"my.company.${PROJECT_NAME}\" \"${BUILT_PRODUCTS_DIR}/${WRAPPER_NAME}/${PROJECT_NAME}.xcent\";\n\n4 codesign -f -s \"iPhone Developer\" --entitlements \"${BUILT_PRODUCTS_DIR}/${WRAPPER_NAME}/${PROJECT_NAME}.xcent\" \"${BUILT_PRODUCTS_DIR}/${WRAPPER_NAME}/\"\n\n5 fi";
			shellScript = "";
		};
/* End PBXShellScriptBuildPhase section */

/* Begin PBXSourcesBuildPhase section */
		04DEEF731AF3550600A1FFA1 /* Sources */ = {
			isa = PBXSourcesBuildPhase;
			buildActionMask = 2147483647;
			files = (
				04FA7B021B01DF0300EEE94D /* accountInfoView.m in Sources */,
				046021651B3512BB002D1CF9 /* AsyncSocket.m in Sources */,
				04A9919C1B26BFE70092CAC1 /* CYLAboutViewController.m in Sources */,
				04DEF0751AF39D8D00A1FFA1 /* CYLNote.m in Sources */,
				04DEEF801AF3550600A1FFA1 /* AppDelegate.m in Sources */,
				0418A1EB1B005E8A002B9E95 /* logInView.m in Sources */,
				04B5CF621B25FFF8008609E1 /* visualView.m in Sources */,
				04DEEF831AF3550600A1FFA1 /* ____.xcdatamodeld in Sources */,
				04DEEFAD1AF355B200A1FFA1 /* CYLGamemodeViewController.m in Sources */,
				04BC24D71B00D7D70022A340 /* MBProgressHUD+NJ.m in Sources */,
				04C2DCD11AF4DAA000DC8AFE /* PGMidiFind.mm in Sources */,
				04BC24D91B00D7D70022A340 /* MBProgressHUD.m in Sources */,
				046021661B3512BB002D1CF9 /* AsyncUdpSocket.m in Sources */,
				04DEF0621AF35A6300A1FFA1 /* staffView.m in Sources */,
				04DEEFAB1AF355B200A1FFA1 /* CYLInitialViewController.mm in Sources */,
				04DEEF7D1AF3550600A1FFA1 /* main.m in Sources */,
				04DEEFAC1AF355B200A1FFA1 /* CYLStudymodeViewController.mm in Sources */,
				047FD10A1B384A7E00868124 /* Singleton.m in Sources */,
				04F5BE811B26AC72003CF18C /* musicSelectView.m in Sources */,
				0417F95C1B29C0FE00ED2DF7 /* pianoKeyboardView.m in Sources */,
				049E743B1B35662600EA4ECE /* CYLSocketMessage.mm in Sources */,
				049E74431B35A3F200EA4ECE /* NSString+Hash.m in Sources */,
				04DEF0671AF372CA00A1FFA1 /* studyImage.m in Sources */,
				047FD1071B38273E00868124 /* rankingListTableViewCell.m in Sources */,
				0418A1E61B00533B002B9E95 /* btnView.m in Sources */,
				04BC03CE1B2664D6003865F7 /* DRNRealTimeBlurView.m in Sources */,
				04C2DCD01AF4DAA000DC8AFE /* PGMidiAllSources.mm in Sources */,
				049F11841B062B4D0038E25D /* moneyChangeView.m in Sources */,
				04BC03D21B2665BF003865F7 /* UIImage+BoxBlur.m in Sources */,
				0419809B1B2829E9001A822C /* CYLMusic.m in Sources */,
				04C2DCCF1AF4DAA000DC8AFE /* PGMidi.mm in Sources */,
				046313C71B37EA9400141123 /* CYLRangeUser.m in Sources */,
				049E74461B35AD5800EA4ECE /* CYLActionID.m in Sources */,
				04631D0F1B37B1240085A4C7 /* CYLRankingListViewController.m in Sources */,
			);
			runOnlyForDeploymentPostprocessing = 0;
		};
		04DEEF8F1AF3550600A1FFA1 /* Sources */ = {
			isa = PBXSourcesBuildPhase;
			buildActionMask = 2147483647;
			files = (
				04DEEF9A1AF3550600A1FFA1 /* ____Tests.m in Sources */,
			);
			runOnlyForDeploymentPostprocessing = 0;
		};
/* End PBXSourcesBuildPhase section */

/* Begin PBXTargetDependency section */
		04DEEF951AF3550600A1FFA1 /* PBXTargetDependency */ = {
			isa = PBXTargetDependency;
			target = 04DEEF761AF3550600A1FFA1 /* 钢琴酷玩 */;
			targetProxy = 04DEEF941AF3550600A1FFA1 /* PBXContainerItemProxy */;
		};
/* End PBXTargetDependency section */

/* Begin PBXVariantGroup section */
		04DEEF871AF3550600A1FFA1 /* Main.storyboard */ = {
			isa = PBXVariantGroup;
			children = (
				04DEEF881AF3550600A1FFA1 /* Base */,
			);
			name = Main.storyboard;
			sourceTree = "<group>";
		};
		04DEEF8C1AF3550600A1FFA1 /* LaunchScreen.xib */ = {
			isa = PBXVariantGroup;
			children = (
				04DEEF8D1AF3550600A1FFA1 /* Base */,
			);
			name = LaunchScreen.xib;
			sourceTree = "<group>";
		};
/* End PBXVariantGroup section */

/* Begin XCBuildConfiguration section */
		04DEEF9B1AF3550600A1FFA1 /* Debug */ = {
			isa = XCBuildConfiguration;
			buildSettings = {
				ALWAYS_SEARCH_USER_PATHS = NO;
				CLANG_CXX_LANGUAGE_STANDARD = "gnu++0x";
				CLANG_CXX_LIBRARY = "libc++";
				CLANG_ENABLE_MODULES = YES;
				CLANG_ENABLE_OBJC_ARC = YES;
				CLANG_WARN_BOOL_CONVERSION = YES;
				CLANG_WARN_CONSTANT_CONVERSION = YES;
				CLANG_WARN_DIRECT_OBJC_ISA_USAGE = YES_ERROR;
				CLANG_WARN_EMPTY_BODY = YES;
				CLANG_WARN_ENUM_CONVERSION = YES;
				CLANG_WARN_INT_CONVERSION = YES;
				CLANG_WARN_OBJC_ROOT_CLASS = YES_ERROR;
				CLANG_WARN_UNREACHABLE_CODE = YES;
				CLANG_WARN__DUPLICATE_METHOD_MATCH = YES;
				"CODE_SIGN_IDENTITY[sdk=iphoneos*]" = "";
				COPY_PHASE_STRIP = NO;
				ENABLE_STRICT_OBJC_MSGSEND = YES;
				GCC_C_LANGUAGE_STANDARD = gnu99;
				GCC_DYNAMIC_NO_PIC = NO;
				GCC_OPTIMIZATION_LEVEL = 0;
				GCC_PREPROCESSOR_DEFINITIONS = (
					"DEBUG=1",
					"$(inherited)",
				);
				GCC_SYMBOLS_PRIVATE_EXTERN = NO;
				GCC_WARN_64_TO_32_BIT_CONVERSION = YES;
				GCC_WARN_ABOUT_RETURN_TYPE = YES_ERROR;
				GCC_WARN_UNDECLARED_SELECTOR = YES;
				GCC_WARN_UNINITIALIZED_AUTOS = YES_AGGRESSIVE;
				GCC_WARN_UNUSED_FUNCTION = YES;
				GCC_WARN_UNUSED_VARIABLE = YES;
				IPHONEOS_DEPLOYMENT_TARGET = 7.0;
				MTL_ENABLE_DEBUG_INFO = YES;
				ONLY_ACTIVE_ARCH = YES;
				SDKROOT = iphoneos;
			};
			name = Debug;
		};
		04DEEF9C1AF3550600A1FFA1 /* Release */ = {
			isa = XCBuildConfiguration;
			buildSettings = {
				ALWAYS_SEARCH_USER_PATHS = NO;
				CLANG_CXX_LANGUAGE_STANDARD = "gnu++0x";
				CLANG_CXX_LIBRARY = "libc++";
				CLANG_ENABLE_MODULES = YES;
				CLANG_ENABLE_OBJC_ARC = YES;
				CLANG_WARN_BOOL_CONVERSION = YES;
				CLANG_WARN_CONSTANT_CONVERSION = YES;
				CLANG_WARN_DIRECT_OBJC_ISA_USAGE = YES_ERROR;
				CLANG_WARN_EMPTY_BODY = YES;
				CLANG_WARN_ENUM_CONVERSION = YES;
				CLANG_WARN_INT_CONVERSION = YES;
				CLANG_WARN_OBJC_ROOT_CLASS = YES_ERROR;
				CLANG_WARN_UNREACHABLE_CODE = YES;
				CLANG_WARN__DUPLICATE_METHOD_MATCH = YES;
				"CODE_SIGN_IDENTITY[sdk=iphoneos*]" = "";
				COPY_PHASE_STRIP = YES;
				ENABLE_NS_ASSERTIONS = NO;
				ENABLE_STRICT_OBJC_MSGSEND = YES;
				GCC_C_LANGUAGE_STANDARD = gnu99;
				GCC_WARN_64_TO_32_BIT_CONVERSION = YES;
				GCC_WARN_ABOUT_RETURN_TYPE = YES_ERROR;
				GCC_WARN_UNDECLARED_SELECTOR = YES;
				GCC_WARN_UNINITIALIZED_AUTOS = YES_AGGRESSIVE;
				GCC_WARN_UNUSED_FUNCTION = YES;
				GCC_WARN_UNUSED_VARIABLE = YES;
				IPHONEOS_DEPLOYMENT_TARGET = 7.0;
				MTL_ENABLE_DEBUG_INFO = NO;
				SDKROOT = iphoneos;
				VALIDATE_PRODUCT = YES;
			};
			name = Release;
		};
		04DEEF9E1AF3550600A1FFA1 /* Debug */ = {
			isa = XCBuildConfiguration;
			buildSettings = {
				ASSETCATALOG_COMPILER_APPICON_NAME = AppIcon;
				CODE_SIGN_ENTITLEMENTS = "";
				"CODE_SIGN_IDENTITY[sdk=iphoneos*]" = "";
				INFOPLIST_FILE = "钢琴酷玩/Info.plist";
				IPHONEOS_DEPLOYMENT_TARGET = 6.0;
				LD_RUNPATH_SEARCH_PATHS = "$(inherited) @executable_path/Frameworks";
				PRODUCT_NAME = "$(TARGET_NAME)";
				TARGETED_DEVICE_FAMILY = 2;
			};
			name = Debug;
		};
		04DEEF9F1AF3550600A1FFA1 /* Release */ = {
			isa = XCBuildConfiguration;
			buildSettings = {
				ASSETCATALOG_COMPILER_APPICON_NAME = AppIcon;
				CODE_SIGN_ENTITLEMENTS = "";
				"CODE_SIGN_IDENTITY[sdk=iphoneos*]" = "";
				INFOPLIST_FILE = "钢琴酷玩/Info.plist";
				IPHONEOS_DEPLOYMENT_TARGET = 6.0;
				LD_RUNPATH_SEARCH_PATHS = "$(inherited) @executable_path/Frameworks";
				PRODUCT_NAME = "$(TARGET_NAME)";
				TARGETED_DEVICE_FAMILY = 2;
			};
			name = Release;
		};
		04DEEFA11AF3550600A1FFA1 /* Debug */ = {
			isa = XCBuildConfiguration;
			buildSettings = {
				BUNDLE_LOADER = "$(TEST_HOST)";
				CODE_SIGN_ENTITLEMENTS = "";
				FRAMEWORK_SEARCH_PATHS = (
					"$(SDKROOT)/Developer/Library/Frameworks",
					"$(inherited)",
				);
				GCC_PREPROCESSOR_DEFINITIONS = (
					"DEBUG=1",
					"$(inherited)",
				);
				INFOPLIST_FILE = "钢琴酷玩Tests/Info.plist";
				LD_RUNPATH_SEARCH_PATHS = "$(inherited) @executable_path/Frameworks @loader_path/Frameworks";
				PRODUCT_NAME = "$(TARGET_NAME)";
				TEST_HOST = "$(BUILT_PRODUCTS_DIR)/钢琴酷玩.app/钢琴酷玩";
			};
			name = Debug;
		};
		04DEEFA21AF3550600A1FFA1 /* Release */ = {
			isa = XCBuildConfiguration;
			buildSettings = {
				BUNDLE_LOADER = "$(TEST_HOST)";
				CODE_SIGN_ENTITLEMENTS = "";
				FRAMEWORK_SEARCH_PATHS = (
					"$(SDKROOT)/Developer/Library/Frameworks",
					"$(inherited)",
				);
				INFOPLIST_FILE = "钢琴酷玩Tests/Info.plist";
				LD_RUNPATH_SEARCH_PATHS = "$(inherited) @executable_path/Frameworks @loader_path/Frameworks";
				PRODUCT_NAME = "$(TARGET_NAME)";
				TEST_HOST = "$(BUILT_PRODUCTS_DIR)/钢琴酷玩.app/钢琴酷玩";
			};
			name = Release;
		};
/* End XCBuildConfiguration section */

/* Begin XCConfigurationList section */
		04DEEF721AF3550600A1FFA1 /* Build configuration list for PBXProject "钢琴酷玩" */ = {
			isa = XCConfigurationList;
			buildConfigurations = (
				04DEEF9B1AF3550600A1FFA1 /* Debug */,
				04DEEF9C1AF3550600A1FFA1 /* Release */,
			);
			defaultConfigurationIsVisible = 0;
			defaultConfigurationName = Release;
		};
		04DEEF9D1AF3550600A1FFA1 /* Build configuration list for PBXNativeTarget "钢琴酷玩" */ = {
			isa = XCConfigurationList;
			buildConfigurations = (
				04DEEF9E1AF3550600A1FFA1 /* Debug */,
				04DEEF9F1AF3550600A1FFA1 /* Release */,
			);
			defaultConfigurationIsVisible = 0;
			defaultConfigurationName = Release;
		};
		04DEEFA01AF3550600A1FFA1 /* Build configuration list for PBXNativeTarget "钢琴酷玩Tests" */ = {
			isa = XCConfigurationList;
			buildConfigurations = (
				04DEEFA11AF3550600A1FFA1 /* Debug */,
				04DEEFA21AF3550600A1FFA1 /* Release */,
			);
			defaultConfigurationIsVisible = 0;
			defaultConfigurationName = Release;
		};
/* End XCConfigurationList section */

/* Begin XCVersionGroup section */
		04DEEF811AF3550600A1FFA1 /* ____.xcdatamodeld */ = {
			isa = XCVersionGroup;
			children = (
				04DEEF821AF3550600A1FFA1 /* ____.xcdatamodel */,
			);
			currentVersion = 04DEEF821AF3550600A1FFA1 /* ____.xcdatamodel */;
			path = "____.xcdatamodeld";
			sourceTree = "<group>";
			versionGroupType = wrapper.xcdatamodel;
		};
/* End XCVersionGroup section */
	};
	rootObject = 04DEEF6F1AF3550600A1FFA1 /* Project object */;
}
